
Microsoft Visual Studio Solution File, Format Version 12.00
# Visual Studio Version 16
VisualStudioVersion = 16.0.28729.10
MinimumVisualStudioVersion = 10.0.40219.1
Project("{FAE04EC0-301F-11D3-BF4B-00C04F79EFBC}") = "BehinFlex", "BehinFlex\BehinFlex.csproj", "{A193224D-28C1-4127-AB9F-48100DB533C5}"
EndProject
Global
	GlobalSection(SolutionConfigurationPlatforms) = preSolution
		Debug|Any CPU = Debug|Any CPU
		Release|Any CPU = Release|Any CPU
	EndGlobalSection
	GlobalSection(ProjectConfigurationPlatforms) = postSolution
		{A193224D-28C1-4127-AB9F-48100DB533C5}.Debug|Any CPU.ActiveCfg = Debug|Any CPU
		{A193224D-28C1-4127-AB9F-48100DB533C5}.Debug|Any CPU.Build.0 = Debug|Any CPU
		{A193224D-28C1-4127-AB9F-48100DB533C5}.Release|Any CPU.ActiveCfg = Release|Any CPU
		{A193224D-28C1-4127-AB9F-48100DB533C5}.Release|Any CPU.Build.0 = Release|Any CPU
	EndGlobalSection
	GlobalSection(SolutionProperties) = preSolution
		HideSolutionNode = FALSE
	EndGlobalSection
	GlobalSection(ExtensibilityGlobals) = postSolution
		SolutionGuid = {F5007A59-CDE4-46DC-A6D3-F8267AA47839}
	EndGlobalSection
EndGlobal
